{
  "name": "vibe-setup",
  "version": "2.6.5",
  "lockfileVersion": 3,
  "requires": true,
  "packages": {
    "": {
      "name": "vibe-setup",
      "version": "2.6.5",
      "license": "MIT",
      "bin": {
        "vibe-setup": "bin/vibe-setup.js"
      },
      "engines": {
        "node": ">=18"
      }
    }
  }
}
